{
  "version": 4,
  "terraform_version": "1.1.4",
  "serial": 25,
  "lineage": "883f1215-9bc9-7fdb-f9d5-0d2752aa35a9",
  "outputs": {
    "external_ip_address_app": {
      "value": "51.250.10.149",
      "type": "string"
    }
  },
  "resources": [
    {
      "mode": "managed",
      "type": "yandex_compute_instance",
      "name": "app",
      "provider": "provider[\"registry.terraform.io/yandex-cloud/yandex\"]",
      "instances": [
        {
          "schema_version": 1,
          "attributes": {
            "allow_stopping_for_update": null,
            "boot_disk": [
              {
                "auto_delete": true,
                "device_name": "fhmlo16fqqeijn7khtqj",
                "disk_id": "fhmlo16fqqeijn7khtqj",
                "initialize_params": [
                  {
                    "block_size": 4096,
                    "description": "",
                    "image_id": "fd86253meikgl15v3snl",
                    "name": "",
                    "size": 10,
                    "snapshot_id": "",
                    "type": "network-hdd"
                  }
                ],
                "mode": "READ_WRITE"
              }
            ],
            "created_at": "2022-01-30T07:00:31Z",
            "description": "",
            "folder_id": "b1g5tqkc521bb5k7nqc9",
            "fqdn": "fhm7u4bdj566op0r00lp.auto.internal",
            "hostname": "fhm7u4bdj566op0r00lp",
            "id": "fhm7u4bdj566op0r00lp",
            "labels": null,
            "metadata": {
              "ssh-keys": "ubuntu:ssh-rsa AAAAB3NzaC1yc2EAAAADAQABAAABgQDOjjaFkJTCbk488upyGpVIOj9VF9mxlMOLt4ePVYpEfQuJpGLKv96AwoA2g4QhParwRSSAeWUDA0aeFK1m1YTaoUWys0c84MaR5B3Xf6x+p9Y/dZpZ/XLkuy+DbiFxU8kdmjrxZssP5IrQIe74rT7s/qip/uvFD8LSLDKmZsjNYTIISDW4KN+8ztax9bbuelE1ATwOwXbm8mA9lrDmXJQ6pmUXMRN4EXtS/aiMxspBEoZDa0xK18XlHCAbQjlXxCUKQ8I7j1u2zUDWediVOwL7zIGr+0R2Zu6rQsrNFGzpHPcDTgV2AlkHV9ufEit8gJ2QRsxZ45WJoi8ugEgkqb3ebPHkCvrISIet39I9ZByyxC5bgBUPyzHwWuE3huP8VP6YppfSwlDsWXuvd8uLCBZ6fQMumW46ylEOOrmegf+sY9Cnl1R81Ex/S+03nPgeBSP1rdOLU0BOyNc8NxseRSEDkffDKQWnahyEQfBdLTeHDx6R6EGcJyUSCS2lin5wE1s= ubuntu\r\n"
            },
            "name": "reddit-app-terraform",
            "network_acceleration_type": "standard",
            "network_interface": [
              {
                "dns_record": [],
                "index": 0,
                "ip_address": "10.128.0.29",
                "ipv4": true,
                "ipv6": false,
                "ipv6_address": "",
                "ipv6_dns_record": [],
                "mac_address": "d0:0d:7f:11:6d:99",
                "nat": true,
                "nat_dns_record": [],
                "nat_ip_address": "51.250.10.149",
                "nat_ip_version": "IPV4",
                "security_group_ids": [],
                "subnet_id": "e9b32s46j6f7pk52jod9"
              }
            ],
            "placement_policy": [
              {
                "placement_group_id": ""
              }
            ],
            "platform_id": "standard-v1",
            "resources": [
              {
                "core_fraction": 100,
                "cores": 2,
                "gpus": 0,
                "memory": 2
              }
            ],
            "scheduling_policy": [
              {
                "preemptible": false
              }
            ],
            "secondary_disk": [],
            "service_account_id": "",
            "status": "running",
            "timeouts": null,
            "zone": "ru-central1-a"
          },
          "sensitive_attributes": [],
          "private": "eyJlMmJmYjczMC1lY2FhLTExZTYtOGY4OC0zNDM2M2JjN2M0YzAiOnsiY3JlYXRlIjozMDAwMDAwMDAwMDAsImRlbGV0ZSI6MzAwMDAwMDAwMDAwLCJ1cGRhdGUiOjMwMDAwMDAwMDAwMH0sInNjaGVtYV92ZXJzaW9uIjoiMSJ9"
        }
      ]
    }
  ]
}
